
Microsoft Visual Studio Solution File, Format Version 12.00
# Visual Studio Version 17
VisualStudioVersion = 17.9.34728.123
MinimumVisualStudioVersion = 10.0.40219.1
Project("{FAE04EC0-301F-11D3-BF4B-00C04F79EFBC}") = "TÍnh hóa đơn tiền điện", "TÍnh hóa đơn tiền điện\TÍnh hóa đơn tiền điện.csproj", "{2BC5A1D8-1E92-4491-80D0-D140CC6E274B}"
EndProject
Global
	GlobalSection(SolutionConfigurationPlatforms) = preSolution
		Debug|Any CPU = Debug|Any CPU
		Release|Any CPU = Release|Any CPU
	EndGlobalSection
	GlobalSection(ProjectConfigurationPlatforms) = postSolution
		{2BC5A1D8-1E92-4491-80D0-D140CC6E274B}.Debug|Any CPU.ActiveCfg = Debug|Any CPU
		{2BC5A1D8-1E92-4491-80D0-D140CC6E274B}.Debug|Any CPU.Build.0 = Debug|Any CPU
		{2BC5A1D8-1E92-4491-80D0-D140CC6E274B}.Release|Any CPU.ActiveCfg = Release|Any CPU
		{2BC5A1D8-1E92-4491-80D0-D140CC6E274B}.Release|Any CPU.Build.0 = Release|Any CPU
	EndGlobalSection
	GlobalSection(SolutionProperties) = preSolution
		HideSolutionNode = FALSE
	EndGlobalSection
	GlobalSection(ExtensibilityGlobals) = postSolution
		SolutionGuid = {821C9843-7C8A-40C6-80FB-2F0F38485E52}
	EndGlobalSection
EndGlobal
